
Microsoft Visual Studio Solution File, Format Version 12.00
# Visual Studio Version 17
VisualStudioVersion = 17.2.32630.192
MinimumVisualStudioVersion = 10.0.40219.1
Project("{9A19103F-16F7-4668-BE54-9A1E7A4F7556}") = "Module08-OddEven-Kata", "Module08-Katas\Module08-OddEven-Kata.csproj", "{6967F18D-92D4-4ED8-9996-9DCE21CA0D1A}"
EndProject
Project("{FAE04EC0-301F-11D3-BF4B-00C04F79EFBC}") = "Module08-OddEven-KataTests", "Module08-OddEven-KataTests\Module08-OddEven-KataTests.csproj", "{74C04131-9AD0-4EC4-8835-A0477983D766}"
EndProject
Global
	GlobalSection(SolutionConfigurationPlatforms) = preSolution
		Debug|Any CPU = Debug|Any CPU
		Release|Any CPU = Release|Any CPU
	EndGlobalSection
	GlobalSection(ProjectConfigurationPlatforms) = postSolution
		{6967F18D-92D4-4ED8-9996-9DCE21CA0D1A}.Debug|Any CPU.ActiveCfg = Debug|Any CPU
		{6967F18D-92D4-4ED8-9996-9DCE21CA0D1A}.Debug|Any CPU.Build.0 = Debug|Any CPU
		{6967F18D-92D4-4ED8-9996-9DCE21CA0D1A}.Release|Any CPU.ActiveCfg = Release|Any CPU
		{6967F18D-92D4-4ED8-9996-9DCE21CA0D1A}.Release|Any CPU.Build.0 = Release|Any CPU
		{74C04131-9AD0-4EC4-8835-A0477983D766}.Debug|Any CPU.ActiveCfg = Debug|Any CPU
		{74C04131-9AD0-4EC4-8835-A0477983D766}.Debug|Any CPU.Build.0 = Debug|Any CPU
		{74C04131-9AD0-4EC4-8835-A0477983D766}.Release|Any CPU.ActiveCfg = Release|Any CPU
		{74C04131-9AD0-4EC4-8835-A0477983D766}.Release|Any CPU.Build.0 = Release|Any CPU
	EndGlobalSection
	GlobalSection(SolutionProperties) = preSolution
		HideSolutionNode = FALSE
	EndGlobalSection
	GlobalSection(ExtensibilityGlobals) = postSolution
		SolutionGuid = {81BAEADF-0201-4270-9F36-FD2B036F7F2C}
	EndGlobalSection
EndGlobal
